
Microsoft Visual Studio Solution File, Format Version 12.00
# Visual Studio Version 17
VisualStudioVersion = 17.7.34031.279
MinimumVisualStudioVersion = 10.0.40219.1
Project("{FAE04EC0-301F-11D3-BF4B-00C04F79EFBC}") = "WebApplication5", "WebApplication5\WebApplication5.csproj", "{11DD392C-4463-4E29-ACD1-FFD0C82AE54B}"
EndProject
Global
	GlobalSection(SolutionConfigurationPlatforms) = preSolution
		Debug|Any CPU = Debug|Any CPU
		Release|Any CPU = Release|Any CPU
	EndGlobalSection
	GlobalSection(ProjectConfigurationPlatforms) = postSolution
		{11DD392C-4463-4E29-ACD1-FFD0C82AE54B}.Debug|Any CPU.ActiveCfg = Debug|Any CPU
		{11DD392C-4463-4E29-ACD1-FFD0C82AE54B}.Debug|Any CPU.Build.0 = Debug|Any CPU
		{11DD392C-4463-4E29-ACD1-FFD0C82AE54B}.Release|Any CPU.ActiveCfg = Release|Any CPU
		{11DD392C-4463-4E29-ACD1-FFD0C82AE54B}.Release|Any CPU.Build.0 = Release|Any CPU
	EndGlobalSection
	GlobalSection(SolutionProperties) = preSolution
		HideSolutionNode = FALSE
	EndGlobalSection
	GlobalSection(ExtensibilityGlobals) = postSolution
		SolutionGuid = {76A87945-D836-42D9-9A1B-8A7D334B386A}
	EndGlobalSection
EndGlobal
